// !$*UTF8*$!
{
	archiveVersion = 1;
	classes = {
	};
	objectVersion = 46;
	objects = {

/* Begin PBXBuildFile section */
		12A41AC6057777BF99E0ECB0 /* Pods_WhatsTheHW.framework in Frameworks */ = {isa = PBXBuildFile; fileRef = 70BEC443EDA24F991B95E77A /* Pods_WhatsTheHW.framework */; };
		FB07FF5C1D41B8A200914BD0 /* Main.storyboard in Resources */ = {isa = PBXBuildFile; fileRef = FB07FF5B1D41B8A200914BD0 /* Main.storyboard */; };
		FB07FF641D41C07C00914BD0 /* SetDueDateViewController.swift in Sources */ = {isa = PBXBuildFile; fileRef = FB07FF631D41C07C00914BD0 /* SetDueDateViewController.swift */; };
		FB28E65B1D5032BA00EE755D /* DateHelper.swift in Sources */ = {isa = PBXBuildFile; fileRef = FB28E65A1D5032BA00EE755D /* DateHelper.swift */; };
		FB28E65D1D5085A800EE755D /* SearchCoursesTableViewController.swift in Sources */ = {isa = PBXBuildFile; fileRef = FB28E65C1D5085A800EE755D /* SearchCoursesTableViewController.swift */; };
		FB28E65F1D508EB000EE755D /* SearchCoursesTableViewCell.swift in Sources */ = {isa = PBXBuildFile; fileRef = FB28E65E1D508EB000EE755D /* SearchCoursesTableViewCell.swift */; };
		FB7D4F221D3767130000EA1B /* ListAssignmentsTableViewController.swift in Sources */ = {isa = PBXBuildFile; fileRef = FB7D4F211D3767130000EA1B /* ListAssignmentsTableViewController.swift */; };
		FB7D4F261D3768A60000EA1B /* Assignment.swift in Sources */ = {isa = PBXBuildFile; fileRef = FB7D4F251D3768A60000EA1B /* Assignment.swift */; };
		FB7D4F281D376AC30000EA1B /* ListAssignmentsTableViewCell.swift in Sources */ = {isa = PBXBuildFile; fileRef = FB7D4F271D376AC30000EA1B /* ListAssignmentsTableViewCell.swift */; };
		FB818C891D49D9C1001042C1 /* ParseHelper.swift in Sources */ = {isa = PBXBuildFile; fileRef = FB818C881D49D9C1001042C1 /* ParseHelper.swift */; };
		FB818C8B1D49DC63001042C1 /* ErrorHandling.swift in Sources */ = {isa = PBXBuildFile; fileRef = FB818C8A1D49DC63001042C1 /* ErrorHandling.swift */; };
		FB818C8D1D49ED35001042C1 /* ParseLoginHelper.swift in Sources */ = {isa = PBXBuildFile; fileRef = FB818C8C1D49ED35001042C1 /* ParseLoginHelper.swift */; };
		FB84E8231D52D4DD00D36BA1 /* LaunchScreen.storyboard in Resources */ = {isa = PBXBuildFile; fileRef = FB84E8221D52D4DD00D36BA1 /* LaunchScreen.storyboard */; };
		FB84E8251D52D9A100D36BA1 /* ListSchoolTableViewController.swift in Sources */ = {isa = PBXBuildFile; fileRef = FB84E8241D52D9A100D36BA1 /* ListSchoolTableViewController.swift */; };
		FB84E8271D52E35600D36BA1 /* ListSchoolTableViewCell.swift in Sources */ = {isa = PBXBuildFile; fileRef = FB84E8261D52E35600D36BA1 /* ListSchoolTableViewCell.swift */; };
		FB84E8291D52E44300D36BA1 /* School.swift in Sources */ = {isa = PBXBuildFile; fileRef = FB84E8281D52E44300D36BA1 /* School.swift */; };
		FB92AC391D4895A5007779AB /* User.swift in Sources */ = {isa = PBXBuildFile; fileRef = FB92AC381D4895A5007779AB /* User.swift */; };
		FBD616421D38B2040045B466 /* DisplayAssignmentViewController.swift in Sources */ = {isa = PBXBuildFile; fileRef = FBD616411D38B2040045B466 /* DisplayAssignmentViewController.swift */; };
		FBF2D3631D40B265005799A7 /* Calendar.png in Resources */ = {isa = PBXBuildFile; fileRef = FBF2D3621D40B265005799A7 /* Calendar.png */; };
		FBF99CAA1D36123200263E76 /* AppDelegate.swift in Sources */ = {isa = PBXBuildFile; fileRef = FBF99CA91D36123200263E76 /* AppDelegate.swift */; };
		FBF99CB11D36123200263E76 /* Assets.xcassets in Resources */ = {isa = PBXBuildFile; fileRef = FBF99CB01D36123200263E76 /* Assets.xcassets */; };
		FBF99CC51D3612FC00263E76 /* NSDate+convertToString.swift in Sources */ = {isa = PBXBuildFile; fileRef = FBF99CC41D3612FC00263E76 /* NSDate+convertToString.swift */; };
		FBF99CCB1D36134200263E76 /* Course.swift in Sources */ = {isa = PBXBuildFile; fileRef = FBF99CCA1D36134200263E76 /* Course.swift */; };
		FBF99CCD1D3614BC00263E76 /* ListCoursesTableViewController.swift in Sources */ = {isa = PBXBuildFile; fileRef = FBF99CCC1D3614BC00263E76 /* ListCoursesTableViewController.swift */; };
		FBF99CCF1D3614DE00263E76 /* DisplayCourseViewController.swift in Sources */ = {isa = PBXBuildFile; fileRef = FBF99CCE1D3614DE00263E76 /* DisplayCourseViewController.swift */; };
		FBF99CD31D3617BF00263E76 /* ListCoursesTableViewCell.swift in Sources */ = {isa = PBXBuildFile; fileRef = FBF99CD21D3617BF00263E76 /* ListCoursesTableViewCell.swift */; };
/* End PBXBuildFile section */

/* Begin PBXFileReference section */
		1AB7554A7D177B0262B9BB6E /* Pods-WhatsTheHW.debug.xcconfig */ = {isa = PBXFileReference; includeInIndex = 1; lastKnownFileType = text.xcconfig; name = "Pods-WhatsTheHW.debug.xcconfig"; path = "Pods/Target Support Files/Pods-WhatsTheHW/Pods-WhatsTheHW.debug.xcconfig"; sourceTree = "<group>"; };
		70BEC443EDA24F991B95E77A /* Pods_WhatsTheHW.framework */ = {isa = PBXFileReference; explicitFileType = wrapper.framework; includeInIndex = 0; path = Pods_WhatsTheHW.framework; sourceTree = BUILT_PRODUCTS_DIR; };
		8FBF1BCF6FDA2D4303805476 /* Pods-WhatsTheHW.release.xcconfig */ = {isa = PBXFileReference; includeInIndex = 1; lastKnownFileType = text.xcconfig; name = "Pods-WhatsTheHW.release.xcconfig"; path = "Pods/Target Support Files/Pods-WhatsTheHW/Pods-WhatsTheHW.release.xcconfig"; sourceTree = "<group>"; };
		FB07FF5B1D41B8A200914BD0 /* Main.storyboard */ = {isa = PBXFileReference; fileEncoding = 4; lastKnownFileType = file.storyboard; name = Main.storyboard; path = Controllers/Main.storyboard; sourceTree = "<group>"; };
		FB07FF631D41C07C00914BD0 /* SetDueDateViewController.swift */ = {isa = PBXFileReference; fileEncoding = 4; lastKnownFileType = sourcecode.swift; path = SetDueDateViewController.swift; sourceTree = "<group>"; };
		FB28E65A1D5032BA00EE755D /* DateHelper.swift */ = {isa = PBXFileReference; fileEncoding = 4; lastKnownFileType = sourcecode.swift; path = DateHelper.swift; sourceTree = "<group>"; };
		FB28E65C1D5085A800EE755D /* SearchCoursesTableViewController.swift */ = {isa = PBXFileReference; fileEncoding = 4; lastKnownFileType = sourcecode.swift; path = SearchCoursesTableViewController.swift; sourceTree = "<group>"; };
		FB28E65E1D508EB000EE755D /* SearchCoursesTableViewCell.swift */ = {isa = PBXFileReference; fileEncoding = 4; lastKnownFileType = sourcecode.swift; path = SearchCoursesTableViewCell.swift; sourceTree = "<group>"; };
		FB7D4F211D3767130000EA1B /* ListAssignmentsTableViewController.swift */ = {isa = PBXFileReference; fileEncoding = 4; lastKnownFileType = sourcecode.swift; path = ListAssignmentsTableViewController.swift; sourceTree = "<group>"; };
		FB7D4F251D3768A60000EA1B /* Assignment.swift */ = {isa = PBXFileReference; fileEncoding = 4; lastKnownFileType = sourcecode.swift; path = Assignment.swift; sourceTree = "<group>"; };
		FB7D4F271D376AC30000EA1B /* ListAssignmentsTableViewCell.swift */ = {isa = PBXFileReference; fileEncoding = 4; lastKnownFileType = sourcecode.swift; path = ListAssignmentsTableViewCell.swift; sourceTree = "<group>"; };
		FB818C881D49D9C1001042C1 /* ParseHelper.swift */ = {isa = PBXFileReference; fileEncoding = 4; lastKnownFileType = sourcecode.swift; path = ParseHelper.swift; sourceTree = "<group>"; };
		FB818C8A1D49DC63001042C1 /* ErrorHandling.swift */ = {isa = PBXFileReference; fileEncoding = 4; lastKnownFileType = sourcecode.swift; path = ErrorHandling.swift; sourceTree = "<group>"; };
		FB818C8C1D49ED35001042C1 /* ParseLoginHelper.swift */ = {isa = PBXFileReference; fileEncoding = 4; lastKnownFileType = sourcecode.swift; path = ParseLoginHelper.swift; sourceTree = "<group>"; };
		FB84E8221D52D4DD00D36BA1 /* LaunchScreen.storyboard */ = {isa = PBXFileReference; fileEncoding = 4; lastKnownFileType = file.storyboard; path = LaunchScreen.storyboard; sourceTree = "<group>"; };
		FB84E8241D52D9A100D36BA1 /* ListSchoolTableViewController.swift */ = {isa = PBXFileReference; fileEncoding = 4; lastKnownFileType = sourcecode.swift; path = ListSchoolTableViewController.swift; sourceTree = "<group>"; };
		FB84E8261D52E35600D36BA1 /* ListSchoolTableViewCell.swift */ = {isa = PBXFileReference; fileEncoding = 4; lastKnownFileType = sourcecode.swift; path = ListSchoolTableViewCell.swift; sourceTree = "<group>"; };
		FB84E8281D52E44300D36BA1 /* School.swift */ = {isa = PBXFileReference; fileEncoding = 4; lastKnownFileType = sourcecode.swift; path = School.swift; sourceTree = "<group>"; };
		FB92AC381D4895A5007779AB /* User.swift */ = {isa = PBXFileReference; fileEncoding = 4; lastKnownFileType = sourcecode.swift; path = User.swift; sourceTree = "<group>"; };
		FBD616411D38B2040045B466 /* DisplayAssignmentViewController.swift */ = {isa = PBXFileReference; fileEncoding = 4; lastKnownFileType = sourcecode.swift; path = DisplayAssignmentViewController.swift; sourceTree = "<group>"; };
		FBF2D3621D40B265005799A7 /* Calendar.png */ = {isa = PBXFileReference; lastKnownFileType = image.png; path = Calendar.png; sourceTree = "<group>"; };
		FBF99CA61D36123200263E76 /* WhatsTheHW.app */ = {isa = PBXFileReference; explicitFileType = wrapper.application; includeInIndex = 0; path = WhatsTheHW.app; sourceTree = BUILT_PRODUCTS_DIR; };
		FBF99CA91D36123200263E76 /* AppDelegate.swift */ = {isa = PBXFileReference; lastKnownFileType = sourcecode.swift; path = AppDelegate.swift; sourceTree = "<group>"; };
		FBF99CB01D36123200263E76 /* Assets.xcassets */ = {isa = PBXFileReference; lastKnownFileType = folder.assetcatalog; path = Assets.xcassets; sourceTree = "<group>"; };
		FBF99CB51D36123200263E76 /* Info.plist */ = {isa = PBXFileReference; lastKnownFileType = text.plist.xml; path = Info.plist; sourceTree = "<group>"; };
		FBF99CC41D3612FC00263E76 /* NSDate+convertToString.swift */ = {isa = PBXFileReference; fileEncoding = 4; lastKnownFileType = sourcecode.swift; path = "NSDate+convertToString.swift"; sourceTree = "<group>"; };
		FBF99CCA1D36134200263E76 /* Course.swift */ = {isa = PBXFileReference; fileEncoding = 4; lastKnownFileType = sourcecode.swift; path = Course.swift; sourceTree = "<group>"; };
		FBF99CCC1D3614BC00263E76 /* ListCoursesTableViewController.swift */ = {isa = PBXFileReference; fileEncoding = 4; lastKnownFileType = sourcecode.swift; path = ListCoursesTableViewController.swift; sourceTree = "<group>"; };
		FBF99CCE1D3614DE00263E76 /* DisplayCourseViewController.swift */ = {isa = PBXFileReference; fileEncoding = 4; lastKnownFileType = sourcecode.swift; path = DisplayCourseViewController.swift; sourceTree = "<group>"; };
		FBF99CD21D3617BF00263E76 /* ListCoursesTableViewCell.swift */ = {isa = PBXFileReference; fileEncoding = 4; lastKnownFileType = sourcecode.swift; path = ListCoursesTableViewCell.swift; sourceTree = "<group>"; };
/* End PBXFileReference section */

/* Begin PBXFrameworksBuildPhase section */
		FBF99CA31D36123200263E76 /* Frameworks */ = {
			isa = PBXFrameworksBuildPhase;
			buildActionMask = 2147483647;
			files = (
				12A41AC6057777BF99E0ECB0 /* Pods_WhatsTheHW.framework in Frameworks */,
			);
			runOnlyForDeploymentPostprocessing = 0;
		};
/* End PBXFrameworksBuildPhase section */

/* Begin PBXGroup section */
		B88C7DC7EE6FCDB8B2303076 /* Frameworks */ = {
			isa = PBXGroup;
			children = (
				70BEC443EDA24F991B95E77A /* Pods_WhatsTheHW.framework */,
			);
			name = Frameworks;
			sourceTree = "<group>";
		};
		DE73F529801578D52D75C673 /* Pods */ = {
			isa = PBXGroup;
			children = (
				1AB7554A7D177B0262B9BB6E /* Pods-WhatsTheHW.debug.xcconfig */,
				8FBF1BCF6FDA2D4303805476 /* Pods-WhatsTheHW.release.xcconfig */,
			);
			name = Pods;
			sourceTree = "<group>";
		};
		FBF99C9D1D36123200263E76 = {
			isa = PBXGroup;
			children = (
				FBF99CA81D36123200263E76 /* WhatsTheHW */,
				FBF99CA71D36123200263E76 /* Products */,
				DE73F529801578D52D75C673 /* Pods */,
				B88C7DC7EE6FCDB8B2303076 /* Frameworks */,
			);
			sourceTree = "<group>";
		};
		FBF99CA71D36123200263E76 /* Products */ = {
			isa = PBXGroup;
			children = (
				FBF99CA61D36123200263E76 /* WhatsTheHW.app */,
			);
			name = Products;
			sourceTree = "<group>";
		};
		FBF99CA81D36123200263E76 /* WhatsTheHW */ = {
			isa = PBXGroup;
			children = (
				FBF2D3621D40B265005799A7 /* Calendar.png */,
				FBF99CC11D3612CA00263E76 /* Helpers */,
				FBF99CC01D3612C000263E76 /* Extensions */,
				FBF99CBF1D3612B500263E76 /* Controllers */,
				FBF99CBD1D3612AE00263E76 /* Views */,
				FBF99CA91D36123200263E76 /* AppDelegate.swift */,
				FB07FF5B1D41B8A200914BD0 /* Main.storyboard */,
				FB84E8221D52D4DD00D36BA1 /* LaunchScreen.storyboard */,
				FBF99CB01D36123200263E76 /* Assets.xcassets */,
				FBF99CB51D36123200263E76 /* Info.plist */,
			);
			path = WhatsTheHW;
			sourceTree = "<group>";
		};
		FBF99CBD1D3612AE00263E76 /* Views */ = {
			isa = PBXGroup;
			children = (
				FBF99CBE1D3612AE00263E76 /* Models */,
				FB84E8261D52E35600D36BA1 /* ListSchoolTableViewCell.swift */,
				FBF99CD21D3617BF00263E76 /* ListCoursesTableViewCell.swift */,
				FB7D4F271D376AC30000EA1B /* ListAssignmentsTableViewCell.swift */,
				FB28E65E1D508EB000EE755D /* SearchCoursesTableViewCell.swift */,
			);
			path = Views;
			sourceTree = "<group>";
		};
		FBF99CBE1D3612AE00263E76 /* Models */ = {
			isa = PBXGroup;
			children = (
				FB84E8281D52E44300D36BA1 /* School.swift */,
				FBF99CCA1D36134200263E76 /* Course.swift */,
				FB7D4F251D3768A60000EA1B /* Assignment.swift */,
				FB92AC381D4895A5007779AB /* User.swift */,
			);
			path = Models;
			sourceTree = "<group>";
		};
		FBF99CBF1D3612B500263E76 /* Controllers */ = {
			isa = PBXGroup;
			children = (
				FB84E8241D52D9A100D36BA1 /* ListSchoolTableViewController.swift */,
				FBF99CCC1D3614BC00263E76 /* ListCoursesTableViewController.swift */,
				FBF99CCE1D3614DE00263E76 /* DisplayCourseViewController.swift */,
				FB28E65C1D5085A800EE755D /* SearchCoursesTableViewController.swift */,
				FB7D4F211D3767130000EA1B /* ListAssignmentsTableViewController.swift */,
				FBD616411D38B2040045B466 /* DisplayAssignmentViewController.swift */,
				FB07FF631D41C07C00914BD0 /* SetDueDateViewController.swift */,
			);
			path = Controllers;
			sourceTree = "<group>";
		};
		FBF99CC01D3612C000263E76 /* Extensions */ = {
			isa = PBXGroup;
			children = (
				FBF99CC41D3612FC00263E76 /* NSDate+convertToString.swift */,
			);
			path = Extensions;
			sourceTree = "<group>";
		};
		FBF99CC11D3612CA00263E76 /* Helpers */ = {
			isa = PBXGroup;
			children = (
				FB818C881D49D9C1001042C1 /* ParseHelper.swift */,
				FB818C8C1D49ED35001042C1 /* ParseLoginHelper.swift */,
				FB818C8A1D49DC63001042C1 /* ErrorHandling.swift */,
				FB28E65A1D5032BA00EE755D /* DateHelper.swift */,
			);
			path = Helpers;
			sourceTree = "<group>";
		};
/* End PBXGroup section */

/* Begin PBXNativeTarget section */
		FBF99CA51D36123200263E76 /* WhatsTheHW */ = {
			isa = PBXNativeTarget;
			buildConfigurationList = FBF99CB81D36123200263E76 /* Build configuration list for PBXNativeTarget "WhatsTheHW" */;
			buildPhases = (
				6E613623BE4D132875A5D9F6 /* [CP] Check Pods Manifest.lock */,
				FBF99CA21D36123200263E76 /* Sources */,
				FBF99CA31D36123200263E76 /* Frameworks */,
				FBF99CA41D36123200263E76 /* Resources */,
				C7CA2F214D30D03286984C7B /* [CP] Embed Pods Frameworks */,
				0633AD35A8A2EE51AEB52E4A /* [CP] Copy Pods Resources */,
			);
			buildRules = (
			);
			dependencies = (
			);
			name = WhatsTheHW;
			productName = WhatsTheHW;
			productReference = FBF99CA61D36123200263E76 /* WhatsTheHW.app */;
			productType = "com.apple.product-type.application";
		};
/* End PBXNativeTarget section */

/* Begin PBXProject section */
		FBF99C9E1D36123200263E76 /* Project object */ = {
			isa = PBXProject;
			attributes = {
				LastSwiftUpdateCheck = 0730;
				LastUpgradeCheck = 0730;
				ORGANIZATIONNAME = MakeSchool;
				TargetAttributes = {
					FBF99CA51D36123200263E76 = {
						CreatedOnToolsVersion = 7.3.1;
						DevelopmentTeam = ZP73EQ3786;
					};
				};
			};
			buildConfigurationList = FBF99CA11D36123200263E76 /* Build configuration list for PBXProject "WhatsTheHW" */;
			compatibilityVersion = "Xcode 3.2";
			developmentRegion = English;
			hasScannedForEncodings = 0;
			knownRegions = (
				en,
				Base,
			);
			mainGroup = FBF99C9D1D36123200263E76;
			productRefGroup = FBF99CA71D36123200263E76 /* Products */;
			projectDirPath = "";
			projectRoot = "";
			targets = (
				FBF99CA51D36123200263E76 /* WhatsTheHW */,
			);
		};
/* End PBXProject section */

/* Begin PBXResourcesBuildPhase section */
		FBF99CA41D36123200263E76 /* Resources */ = {
			isa = PBXResourcesBuildPhase;
			buildActionMask = 2147483647;
			files = (
				FBF2D3631D40B265005799A7 /* Calendar.png in Resources */,
				FB84E8231D52D4DD00D36BA1 /* LaunchScreen.storyboard in Resources */,
				FBF99CB11D36123200263E76 /* Assets.xcassets in Resources */,
				FB07FF5C1D41B8A200914BD0 /* Main.storyboard in Resources */,
			);
			runOnlyForDeploymentPostprocessing = 0;
		};
/* End PBXResourcesBuildPhase section */

/* Begin PBXShellScriptBuildPhase section */
		0633AD35A8A2EE51AEB52E4A /* [CP] Copy Pods Resources */ = {
			isa = PBXShellScriptBuildPhase;
			buildActionMask = 2147483647;
			files = (
			);
			inputPaths = (
			);
			name = "[CP] Copy Pods Resources";
			outputPaths = (
			);
			runOnlyForDeploymentPostprocessing = 0;
			shellPath = /bin/sh;
			shellScript = "\"${SRCROOT}/Pods/Target Support Files/Pods-WhatsTheHW/Pods-WhatsTheHW-resources.sh\"\n";
			showEnvVarsInLog = 0;
		};
		6E613623BE4D132875A5D9F6 /* [CP] Check Pods Manifest.lock */ = {
			isa = PBXShellScriptBuildPhase;
			buildActionMask = 2147483647;
			files = (
			);
			inputPaths = (
			);
			name = "[CP] Check Pods Manifest.lock";
			outputPaths = (
			);
			runOnlyForDeploymentPostprocessing = 0;
			shellPath = /bin/sh;
			shellScript = "diff \"${PODS_ROOT}/../Podfile.lock\" \"${PODS_ROOT}/Manifest.lock\" > /dev/null\nif [[ $? != 0 ]] ; then\n    cat << EOM\nerror: The sandbox is not in sync with the Podfile.lock. Run 'pod install' or update your CocoaPods installation.\nEOM\n    exit 1\nfi\n";
			showEnvVarsInLog = 0;
		};
		C7CA2F214D30D03286984C7B /* [CP] Embed Pods Frameworks */ = {
			isa = PBXShellScriptBuildPhase;
			buildActionMask = 2147483647;
			files = (
			);
			inputPaths = (
			);
			name = "[CP] Embed Pods Frameworks";
			outputPaths = (
			);
			runOnlyForDeploymentPostprocessing = 0;
			shellPath = /bin/sh;
			shellScript = "\"${SRCROOT}/Pods/Target Support Files/Pods-WhatsTheHW/Pods-WhatsTheHW-frameworks.sh\"\n";
			showEnvVarsInLog = 0;
		};
/* End PBXShellScriptBuildPhase section */

/* Begin PBXSourcesBuildPhase section */
		FBF99CA21D36123200263E76 /* Sources */ = {
			isa = PBXSourcesBuildPhase;
			buildActionMask = 2147483647;
			files = (
				FB92AC391D4895A5007779AB /* User.swift in Sources */,
				FB7D4F261D3768A60000EA1B /* Assignment.swift in Sources */,
				FBF99CC51D3612FC00263E76 /* NSDate+convertToString.swift in Sources */,
				FB84E8271D52E35600D36BA1 /* ListSchoolTableViewCell.swift in Sources */,
				FBF99CCF1D3614DE00263E76 /* DisplayCourseViewController.swift in Sources */,
				FB28E65F1D508EB000EE755D /* SearchCoursesTableViewCell.swift in Sources */,
				FB7D4F221D3767130000EA1B /* ListAssignmentsTableViewController.swift in Sources */,
				FB84E8291D52E44300D36BA1 /* School.swift in Sources */,
				FB818C8D1D49ED35001042C1 /* ParseLoginHelper.swift in Sources */,
				FB7D4F281D376AC30000EA1B /* ListAssignmentsTableViewCell.swift in Sources */,
				FBF99CCB1D36134200263E76 /* Course.swift in Sources */,
				FBF99CCD1D3614BC00263E76 /* ListCoursesTableViewController.swift in Sources */,
				FB84E8251D52D9A100D36BA1 /* ListSchoolTableViewController.swift in Sources */,
				FB28E65B1D5032BA00EE755D /* DateHelper.swift in Sources */,
				FB07FF641D41C07C00914BD0 /* SetDueDateViewController.swift in Sources */,
				FB818C891D49D9C1001042C1 /* ParseHelper.swift in Sources */,
				FBD616421D38B2040045B466 /* DisplayAssignmentViewController.swift in Sources */,
				FBF99CD31D3617BF00263E76 /* ListCoursesTableViewCell.swift in Sources */,
				FB818C8B1D49DC63001042C1 /* ErrorHandling.swift in Sources */,
				FB28E65D1D5085A800EE755D /* SearchCoursesTableViewController.swift in Sources */,
				FBF99CAA1D36123200263E76 /* AppDelegate.swift in Sources */,
			);
			runOnlyForDeploymentPostprocessing = 0;
		};
/* End PBXSourcesBuildPhase section */

/* Begin XCBuildConfiguration section */
		FBF99CB61D36123200263E76 /* Debug */ = {
			isa = XCBuildConfiguration;
			buildSettings = {
				ALWAYS_SEARCH_USER_PATHS = NO;
				CLANG_ANALYZER_NONNULL = YES;
				CLANG_CXX_LANGUAGE_STANDARD = "gnu++0x";
				CLANG_CXX_LIBRARY = "libc++";
				CLANG_ENABLE_MODULES = YES;
				CLANG_ENABLE_OBJC_ARC = YES;
				CLANG_WARN_BOOL_CONVERSION = YES;
				CLANG_WARN_CONSTANT_CONVERSION = YES;
				CLANG_WARN_DIRECT_OBJC_ISA_USAGE = YES_ERROR;
				CLANG_WARN_EMPTY_BODY = YES;
				CLANG_WARN_ENUM_CONVERSION = YES;
				CLANG_WARN_INT_CONVERSION = YES;
				CLANG_WARN_OBJC_ROOT_CLASS = YES_ERROR;
				CLANG_WARN_UNREACHABLE_CODE = YES;
				CLANG_WARN__DUPLICATE_METHOD_MATCH = YES;
				"CODE_SIGN_IDENTITY[sdk=iphoneos*]" = "iPhone Developer";
				COPY_PHASE_STRIP = NO;
				DEBUG_INFORMATION_FORMAT = dwarf;
				ENABLE_STRICT_OBJC_MSGSEND = YES;
				ENABLE_TESTABILITY = YES;
				GCC_C_LANGUAGE_STANDARD = gnu99;
				GCC_DYNAMIC_NO_PIC = NO;
				GCC_NO_COMMON_BLOCKS = YES;
				GCC_OPTIMIZATION_LEVEL = 0;
				GCC_PREPROCESSOR_DEFINITIONS = (
					"DEBUG=1",
					"$(inherited)",
				);
				GCC_WARN_64_TO_32_BIT_CONVERSION = YES;
				GCC_WARN_ABOUT_RETURN_TYPE = YES_ERROR;
				GCC_WARN_UNDECLARED_SELECTOR = YES;
				GCC_WARN_UNINITIALIZED_AUTOS = YES_AGGRESSIVE;
				GCC_WARN_UNUSED_FUNCTION = YES;
				GCC_WARN_UNUSED_VARIABLE = YES;
				IPHONEOS_DEPLOYMENT_TARGET = 9.3;
				MTL_ENABLE_DEBUG_INFO = YES;
				ONLY_ACTIVE_ARCH = YES;
				SDKROOT = iphoneos;
				SWIFT_OPTIMIZATION_LEVEL = "-Onone";
			};
			name = Debug;
		};
		FBF99CB71D36123200263E76 /* Release */ = {
			isa = XCBuildConfiguration;
			buildSettings = {
				ALWAYS_SEARCH_USER_PATHS = NO;
				CLANG_ANALYZER_NONNULL = YES;
				CLANG_CXX_LANGUAGE_STANDARD = "gnu++0x";
				CLANG_CXX_LIBRARY = "libc++";
				CLANG_ENABLE_MODULES = YES;
				CLANG_ENABLE_OBJC_ARC = YES;
				CLANG_WARN_BOOL_CONVERSION = YES;
				CLANG_WARN_CONSTANT_CONVERSION = YES;
				CLANG_WARN_DIRECT_OBJC_ISA_USAGE = YES_ERROR;
				CLANG_WARN_EMPTY_BODY = YES;
				CLANG_WARN_ENUM_CONVERSION = YES;
				CLANG_WARN_INT_CONVERSION = YES;
				CLANG_WARN_OBJC_ROOT_CLASS = YES_ERROR;
				CLANG_WARN_UNREACHABLE_CODE = YES;
				CLANG_WARN__DUPLICATE_METHOD_MATCH = YES;
				"CODE_SIGN_IDENTITY[sdk=iphoneos*]" = "iPhone Developer";
				COPY_PHASE_STRIP = NO;
				DEBUG_INFORMATION_FORMAT = "dwarf-with-dsym";
				ENABLE_NS_ASSERTIONS = NO;
				ENABLE_STRICT_OBJC_MSGSEND = YES;
				GCC_C_LANGUAGE_STANDARD = gnu99;
				GCC_NO_COMMON_BLOCKS = YES;
				GCC_WARN_64_TO_32_BIT_CONVERSION = YES;
				GCC_WARN_ABOUT_RETURN_TYPE = YES_ERROR;
				GCC_WARN_UNDECLARED_SELECTOR = YES;
				GCC_WARN_UNINITIALIZED_AUTOS = YES_AGGRESSIVE;
				GCC_WARN_UNUSED_FUNCTION = YES;
				GCC_WARN_UNUSED_VARIABLE = YES;
				IPHONEOS_DEPLOYMENT_TARGET = 9.3;
				MTL_ENABLE_DEBUG_INFO = NO;
				SDKROOT = iphoneos;
				VALIDATE_PRODUCT = YES;
			};
			name = Release;
		};
		FBF99CB91D36123200263E76 /* Debug */ = {
			isa = XCBuildConfiguration;
			baseConfigurationReference = 1AB7554A7D177B0262B9BB6E /* Pods-WhatsTheHW.debug.xcconfig */;
			buildSettings = {
				ASSETCATALOG_COMPILER_APPICON_NAME = AppIcon;
				CODE_SIGN_IDENTITY = "iPhone Developer";
				"CODE_SIGN_IDENTITY[sdk=iphoneos*]" = "iPhone Developer";
				FRAMEWORK_SEARCH_PATHS = (
					"$(inherited)",
					"$(PROJECT_DIR)/Frameworks",
				);
				INFOPLIST_FILE = WhatsTheHW/Info.plist;
				LD_RUNPATH_SEARCH_PATHS = "$(inherited) @executable_path/Frameworks";
				PRODUCT_BUNDLE_IDENTIFIER = com.makeschool.Alan.WhatsTheHW;
				PRODUCT_NAME = "$(TARGET_NAME)";
				PROVISIONING_PROFILE = "";
			};
			name = Debug;
		};
		FBF99CBA1D36123200263E76 /* Release */ = {
			isa = XCBuildConfiguration;
			baseConfigurationReference = 8FBF1BCF6FDA2D4303805476 /* Pods-WhatsTheHW.release.xcconfig */;
			buildSettings = {
				ASSETCATALOG_COMPILER_APPICON_NAME = AppIcon;
				CODE_SIGN_IDENTITY = "iPhone Developer";
				"CODE_SIGN_IDENTITY[sdk=iphoneos*]" = "iPhone Developer";
				FRAMEWORK_SEARCH_PATHS = (
					"$(inherited)",
					"$(PROJECT_DIR)/Frameworks",
				);
				INFOPLIST_FILE = WhatsTheHW/Info.plist;
				LD_RUNPATH_SEARCH_PATHS = "$(inherited) @executable_path/Frameworks";
				PRODUCT_BUNDLE_IDENTIFIER = com.makeschool.Alan.WhatsTheHW;
				PRODUCT_NAME = "$(TARGET_NAME)";
				PROVISIONING_PROFILE = "";
			};
			name = Release;
		};
/* End XCBuildConfiguration section */

/* Begin XCConfigurationList section */
		FBF99CA11D36123200263E76 /* Build configuration list for PBXProject "WhatsTheHW" */ = {
			isa = XCConfigurationList;
			buildConfigurations = (
				FBF99CB61D36123200263E76 /* Debug */,
				FBF99CB71D36123200263E76 /* Release */,
			);
			defaultConfigurationIsVisible = 0;
			defaultConfigurationName = Release;
		};
		FBF99CB81D36123200263E76 /* Build configuration list for PBXNativeTarget "WhatsTheHW" */ = {
			isa = XCConfigurationList;
			buildConfigurations = (
				FBF99CB91D36123200263E76 /* Debug */,
				FBF99CBA1D36123200263E76 /* Release */,
			);
			defaultConfigurationIsVisible = 0;
			defaultConfigurationName = Release;
		};
/* End XCConfigurationList section */
	};
	rootObject = FBF99C9E1D36123200263E76 /* Project object */;
}
